// !$*UTF8*$!
{
	archiveVersion = 1;
	classes = {
	};
	objectVersion = 50;
	objects = {

/* Begin PBXBuildFile section */
		C91B53DC237AE34900CD794C /* AppDelegate.swift in Sources */ = {isa = PBXBuildFile; fileRef = C91B53DB237AE34900CD794C /* AppDelegate.swift */; };
		C91B53DE237AE34900CD794C /* SceneDelegate.swift in Sources */ = {isa = PBXBuildFile; fileRef = C91B53DD237AE34900CD794C /* SceneDelegate.swift */; };
		C91B53E0237AE34900CD794C /* ViewController.swift in Sources */ = {isa = PBXBuildFile; fileRef = C91B53DF237AE34900CD794C /* ViewController.swift */; };
		C91B53E3237AE34900CD794C /* Main.storyboard in Resources */ = {isa = PBXBuildFile; fileRef = C91B53E1237AE34900CD794C /* Main.storyboard */; };
		C91B53E5237AE34A00CD794C /* Assets.xcassets in Resources */ = {isa = PBXBuildFile; fileRef = C91B53E4237AE34A00CD794C /* Assets.xcassets */; };
		C91B53E8237AE34A00CD794C /* LaunchScreen.storyboard in Resources */ = {isa = PBXBuildFile; fileRef = C91B53E6237AE34A00CD794C /* LaunchScreen.storyboard */; };
		C91B53F3237AE34A00CD794C /* NegroniChallengeTests.swift in Sources */ = {isa = PBXBuildFile; fileRef = C91B53F2237AE34A00CD794C /* NegroniChallengeTests.swift */; };
		C91B540C237AEAB600CD794C /* Trip.storyboard in Resources */ = {isa = PBXBuildFile; fileRef = C91B540B237AEAB600CD794C /* Trip.storyboard */; };
		C91B540E237AF01E00CD794C /* Class1.swift in Sources */ = {isa = PBXBuildFile; fileRef = C91B540D237AF01E00CD794C /* Class1.swift */; };
		C91B5410237AF06F00CD794C /* Class2.swift in Sources */ = {isa = PBXBuildFile; fileRef = C91B540F237AF06F00CD794C /* Class2.swift */; };
		C94A5039237D962F0014ABE0 /* Database.xcdatamodeld in Sources */ = {isa = PBXBuildFile; fileRef = C94A5037237D962F0014ABE0 /* Database.xcdatamodeld */; };
		C9EA924A238318B900619E05 /* Trip+CoreDataProperties.swift in Sources */ = {isa = PBXBuildFile; fileRef = C9EA9249238318B900619E05 /* Trip+CoreDataProperties.swift */; };
/* End PBXBuildFile section */

/* Begin PBXContainerItemProxy section */
		C91B53EF237AE34A00CD794C /* PBXContainerItemProxy */ = {
			isa = PBXContainerItemProxy;
			containerPortal = C91B53D0237AE34900CD794C /* Project object */;
			proxyType = 1;
			remoteGlobalIDString = C91B53D7237AE34900CD794C;
			remoteInfo = NegroniChallenge;
		};
/* End PBXContainerItemProxy section */

/* Begin PBXFileReference section */
		67AD5A5E237F361600DAAA57 /* NegroniChallengeUITests copy-Info.plist */ = {isa = PBXFileReference; lastKnownFileType = text.plist.xml; name = "NegroniChallengeUITests copy-Info.plist"; path = "/Users/chiarapellecchia/Documents/GitHub/GitHub/NegroniChallenge/NegroniChallengeUITests copy-Info.plist"; sourceTree = "<absolute>"; };
		C91B53D8237AE34900CD794C /* NegroniChallenge.app */ = {isa = PBXFileReference; explicitFileType = wrapper.application; includeInIndex = 0; path = NegroniChallenge.app; sourceTree = BUILT_PRODUCTS_DIR; };
		C91B53DB237AE34900CD794C /* AppDelegate.swift */ = {isa = PBXFileReference; lastKnownFileType = sourcecode.swift; path = AppDelegate.swift; sourceTree = "<group>"; };
		C91B53DD237AE34900CD794C /* SceneDelegate.swift */ = {isa = PBXFileReference; lastKnownFileType = sourcecode.swift; path = SceneDelegate.swift; sourceTree = "<group>"; };
		C91B53DF237AE34900CD794C /* ViewController.swift */ = {isa = PBXFileReference; lastKnownFileType = sourcecode.swift; path = ViewController.swift; sourceTree = "<group>"; };
		C91B53E2237AE34900CD794C /* Base */ = {isa = PBXFileReference; lastKnownFileType = file.storyboard; name = Base; path = Base.lproj/Main.storyboard; sourceTree = "<group>"; };
		C91B53E4237AE34A00CD794C /* Assets.xcassets */ = {isa = PBXFileReference; lastKnownFileType = folder.assetcatalog; path = Assets.xcassets; sourceTree = "<group>"; };
		C91B53E7237AE34A00CD794C /* Base */ = {isa = PBXFileReference; lastKnownFileType = file.storyboard; name = Base; path = Base.lproj/LaunchScreen.storyboard; sourceTree = "<group>"; };
		C91B53E9237AE34A00CD794C /* Info.plist */ = {isa = PBXFileReference; lastKnownFileType = text.plist.xml; path = Info.plist; sourceTree = "<group>"; };
		C91B53EE237AE34A00CD794C /* NegroniChallengeTests.xctest */ = {isa = PBXFileReference; explicitFileType = wrapper.cfbundle; includeInIndex = 0; path = NegroniChallengeTests.xctest; sourceTree = BUILT_PRODUCTS_DIR; };
		C91B53F2237AE34A00CD794C /* NegroniChallengeTests.swift */ = {isa = PBXFileReference; lastKnownFileType = sourcecode.swift; path = NegroniChallengeTests.swift; sourceTree = "<group>"; };
		C91B53F4237AE34A00CD794C /* Info.plist */ = {isa = PBXFileReference; lastKnownFileType = text.plist.xml; path = Info.plist; sourceTree = "<group>"; };
		C91B53FD237AE34A00CD794C /* NegroniChallengeUITests.swift */ = {isa = PBXFileReference; lastKnownFileType = sourcecode.swift; path = NegroniChallengeUITests.swift; sourceTree = "<group>"; };
		C91B53FF237AE34A00CD794C /* Info.plist */ = {isa = PBXFileReference; lastKnownFileType = text.plist.xml; path = Info.plist; sourceTree = "<group>"; };
		C91B540B237AEAB600CD794C /* Trip.storyboard */ = {isa = PBXFileReference; lastKnownFileType = file.storyboard; path = Trip.storyboard; sourceTree = "<group>"; };
		C91B540D237AF01E00CD794C /* Class1.swift */ = {isa = PBXFileReference; lastKnownFileType = sourcecode.swift; path = Class1.swift; sourceTree = "<group>"; };
		C91B540F237AF06F00CD794C /* Class2.swift */ = {isa = PBXFileReference; lastKnownFileType = sourcecode.swift; path = Class2.swift; sourceTree = "<group>"; };
		C94A5038237D962F0014ABE0 /* Database.xcdatamodel */ = {isa = PBXFileReference; lastKnownFileType = wrapper.xcdatamodel; path = Database.xcdatamodel; sourceTree = "<group>"; };
		C9EA9249238318B900619E05 /* Trip+CoreDataProperties.swift */ = {isa = PBXFileReference; lastKnownFileType = sourcecode.swift; path = "Trip+CoreDataProperties.swift"; sourceTree = "<group>"; };
/* End PBXFileReference section */

/* Begin PBXFrameworksBuildPhase section */
		C91B53D5237AE34900CD794C /* Frameworks */ = {
			isa = PBXFrameworksBuildPhase;
			buildActionMask = 2147483647;
			files = (
			);
			runOnlyForDeploymentPostprocessing = 0;
		};
		C91B53EB237AE34A00CD794C /* Frameworks */ = {
			isa = PBXFrameworksBuildPhase;
			buildActionMask = 2147483647;
			files = (
			);
			runOnlyForDeploymentPostprocessing = 0;
		};
/* End PBXFrameworksBuildPhase section */

/* Begin PBXGroup section */
		C91B53CF237AE34900CD794C = {
			isa = PBXGroup;
			children = (
				C9EA9249238318B900619E05 /* Trip+CoreDataProperties.swift */,
				C91B53DA237AE34900CD794C /* NegroniChallenge */,
				C91B53F1237AE34A00CD794C /* NegroniChallengeTests */,
				C91B53FC237AE34A00CD794C /* NegroniChallengeUITests */,
				C91B53D9237AE34900CD794C /* Products */,
				67AD5A5E237F361600DAAA57 /* NegroniChallengeUITests copy-Info.plist */,
			);
			sourceTree = "<group>";
		};
		C91B53D9237AE34900CD794C /* Products */ = {
			isa = PBXGroup;
			children = (
				C91B53D8237AE34900CD794C /* NegroniChallenge.app */,
				C91B53EE237AE34A00CD794C /* NegroniChallengeTests.xctest */,
			);
			name = Products;
			sourceTree = "<group>";
		};
		C91B53DA237AE34900CD794C /* NegroniChallenge */ = {
			isa = PBXGroup;
			children = (
				C91B53DB237AE34900CD794C /* AppDelegate.swift */,
				C91B53DD237AE34900CD794C /* SceneDelegate.swift */,
				C91B53DF237AE34900CD794C /* ViewController.swift */,
				C91B53E1237AE34900CD794C /* Main.storyboard */,
				C91B540D237AF01E00CD794C /* Class1.swift */,
				C91B53E4237AE34A00CD794C /* Assets.xcassets */,
				C91B53E6237AE34A00CD794C /* LaunchScreen.storyboard */,
				C91B540F237AF06F00CD794C /* Class2.swift */,
				C94A5037237D962F0014ABE0 /* Database.xcdatamodeld */,
				C91B53E9237AE34A00CD794C /* Info.plist */,
				C91B540B237AEAB600CD794C /* Trip.storyboard */,
			);
			path = NegroniChallenge;
			sourceTree = "<group>";
		};
		C91B53F1237AE34A00CD794C /* NegroniChallengeTests */ = {
			isa = PBXGroup;
			children = (
				C91B53F2237AE34A00CD794C /* NegroniChallengeTests.swift */,
				C91B53F4237AE34A00CD794C /* Info.plist */,
			);
			path = NegroniChallengeTests;
			sourceTree = "<group>";
		};
		C91B53FC237AE34A00CD794C /* NegroniChallengeUITests */ = {
			isa = PBXGroup;
			children = (
				C91B53FD237AE34A00CD794C /* NegroniChallengeUITests.swift */,
				C91B53FF237AE34A00CD794C /* Info.plist */,
			);
			path = NegroniChallengeUITests;
			sourceTree = "<group>";
		};
/* End PBXGroup section */

/* Begin PBXNativeTarget section */
		C91B53D7237AE34900CD794C /* NegroniChallenge */ = {
			isa = PBXNativeTarget;
			buildConfigurationList = C91B5402237AE34A00CD794C /* Build configuration list for PBXNativeTarget "NegroniChallenge" */;
			buildPhases = (
				C91B53D4237AE34900CD794C /* Sources */,
				C91B53D5237AE34900CD794C /* Frameworks */,
				C91B53D6237AE34900CD794C /* Resources */,
			);
			buildRules = (
			);
			dependencies = (
			);
			name = NegroniChallenge;
			productName = NegroniChallenge;
			productReference = C91B53D8237AE34900CD794C /* NegroniChallenge.app */;
			productType = "com.apple.product-type.application";
		};
		C91B53ED237AE34A00CD794C /* NegroniChallengeTests */ = {
			isa = PBXNativeTarget;
			buildConfigurationList = C91B5405237AE34A00CD794C /* Build configuration list for PBXNativeTarget "NegroniChallengeTests" */;
			buildPhases = (
				C91B53EA237AE34A00CD794C /* Sources */,
				C91B53EB237AE34A00CD794C /* Frameworks */,
				C91B53EC237AE34A00CD794C /* Resources */,
			);
			buildRules = (
			);
			dependencies = (
				C91B53F0237AE34A00CD794C /* PBXTargetDependency */,
			);
			name = NegroniChallengeTests;
			productName = NegroniChallengeTests;
			productReference = C91B53EE237AE34A00CD794C /* NegroniChallengeTests.xctest */;
			productType = "com.apple.product-type.bundle.unit-test";
		};
/* End PBXNativeTarget section */

/* Begin PBXProject section */
		C91B53D0237AE34900CD794C /* Project object */ = {
			isa = PBXProject;
			attributes = {
				LastSwiftUpdateCheck = 1120;
				LastUpgradeCheck = 1120;
				ORGANIZATIONNAME = "Raimondo Giordano";
				TargetAttributes = {
					C91B53D7237AE34900CD794C = {
						CreatedOnToolsVersion = 11.2;
					};
					C91B53ED237AE34A00CD794C = {
						CreatedOnToolsVersion = 11.2;
						TestTargetID = C91B53D7237AE34900CD794C;
					};
				};
			};
			buildConfigurationList = C91B53D3237AE34900CD794C /* Build configuration list for PBXProject "NegroniChallenge" */;
			compatibilityVersion = "Xcode 9.3";
			developmentRegion = en;
			hasScannedForEncodings = 0;
			knownRegions = (
				en,
				Base,
			);
			mainGroup = C91B53CF237AE34900CD794C;
			productRefGroup = C91B53D9237AE34900CD794C /* Products */;
			projectDirPath = "";
			projectRoot = "";
			targets = (
				C91B53D7237AE34900CD794C /* NegroniChallenge */,
				C91B53ED237AE34A00CD794C /* NegroniChallengeTests */,
			);
		};
/* End PBXProject section */

/* Begin PBXResourcesBuildPhase section */
		C91B53D6237AE34900CD794C /* Resources */ = {
			isa = PBXResourcesBuildPhase;
			buildActionMask = 2147483647;
			files = (
				C91B53E8237AE34A00CD794C /* LaunchScreen.storyboard in Resources */,
				C91B540C237AEAB600CD794C /* Trip.storyboard in Resources */,
				C91B53E5237AE34A00CD794C /* Assets.xcassets in Resources */,
				C91B53E3237AE34900CD794C /* Main.storyboard in Resources */,
			);
			runOnlyForDeploymentPostprocessing = 0;
		};
		C91B53EC237AE34A00CD794C /* Resources */ = {
			isa = PBXResourcesBuildPhase;
			buildActionMask = 2147483647;
			files = (
			);
			runOnlyForDeploymentPostprocessing = 0;
		};
/* End PBXResourcesBuildPhase section */

/* Begin PBXSourcesBuildPhase section */
		C91B53D4237AE34900CD794C /* Sources */ = {
			isa = PBXSourcesBuildPhase;
			buildActionMask = 2147483647;
			files = (
				C9EA924A238318B900619E05 /* Trip+CoreDataProperties.swift in Sources */,
				C91B53E0237AE34900CD794C /* ViewController.swift in Sources */,
				C91B53DC237AE34900CD794C /* AppDelegate.swift in Sources */,
				C91B540E237AF01E00CD794C /* Class1.swift in Sources */,
				C91B5410237AF06F00CD794C /* Class2.swift in Sources */,
				C94A5039237D962F0014ABE0 /* Database.xcdatamodeld in Sources */,
				C91B53DE237AE34900CD794C /* SceneDelegate.swift in Sources */,
			);
			runOnlyForDeploymentPostprocessing = 0;
		};
		C91B53EA237AE34A00CD794C /* Sources */ = {
			isa = PBXSourcesBuildPhase;
			buildActionMask = 2147483647;
			files = (
				C91B53F3237AE34A00CD794C /* NegroniChallengeTests.swift in Sources */,
			);
			runOnlyForDeploymentPostprocessing = 0;
		};
/* End PBXSourcesBuildPhase section */

/* Begin PBXTargetDependency section */
		C91B53F0237AE34A00CD794C /* PBXTargetDependency */ = {
			isa = PBXTargetDependency;
			target = C91B53D7237AE34900CD794C /* NegroniChallenge */;
			targetProxy = C91B53EF237AE34A00CD794C /* PBXContainerItemProxy */;
		};
/* End PBXTargetDependency section */

/* Begin PBXVariantGroup section */
		C91B53E1237AE34900CD794C /* Main.storyboard */ = {
			isa = PBXVariantGroup;
			children = (
				C91B53E2237AE34900CD794C /* Base */,
			);
			name = Main.storyboard;
			sourceTree = "<group>";
		};
		C91B53E6237AE34A00CD794C /* LaunchScreen.storyboard */ = {
			isa = PBXVariantGroup;
			children = (
				C91B53E7237AE34A00CD794C /* Base */,
			);
			name = LaunchScreen.storyboard;
			sourceTree = "<group>";
		};
/* End PBXVariantGroup section */

/* Begin XCBuildConfiguration section */
		C91B5400237AE34A00CD794C /* Debug */ = {
			isa = XCBuildConfiguration;
			buildSettings = {
				ALWAYS_SEARCH_USER_PATHS = NO;
				CLANG_ANALYZER_NONNULL = YES;
				CLANG_ANALYZER_NUMBER_OBJECT_CONVERSION = YES_AGGRESSIVE;
				CLANG_CXX_LANGUAGE_STANDARD = "gnu++14";
				CLANG_CXX_LIBRARY = "libc++";
				CLANG_ENABLE_MODULES = YES;
				CLANG_ENABLE_OBJC_ARC = YES;
				CLANG_ENABLE_OBJC_WEAK = YES;
				CLANG_WARN_BLOCK_CAPTURE_AUTORELEASING = YES;
				CLANG_WARN_BOOL_CONVERSION = YES;
				CLANG_WARN_COMMA = YES;
				CLANG_WARN_CONSTANT_CONVERSION = YES;
				CLANG_WARN_DEPRECATED_OBJC_IMPLEMENTATIONS = YES;
				CLANG_WARN_DIRECT_OBJC_ISA_USAGE = YES_ERROR;
				CLANG_WARN_DOCUMENTATION_COMMENTS = YES;
				CLANG_WARN_EMPTY_BODY = YES;
				CLANG_WARN_ENUM_CONVERSION = YES;
				CLANG_WARN_INFINITE_RECURSION = YES;
				CLANG_WARN_INT_CONVERSION = YES;
				CLANG_WARN_NON_LITERAL_NULL_CONVERSION = YES;
				CLANG_WARN_OBJC_IMPLICIT_RETAIN_SELF = YES;
				CLANG_WARN_OBJC_LITERAL_CONVERSION = YES;
				CLANG_WARN_OBJC_ROOT_CLASS = YES_ERROR;
				CLANG_WARN_RANGE_LOOP_ANALYSIS = YES;
				CLANG_WARN_STRICT_PROTOTYPES = YES;
				CLANG_WARN_SUSPICIOUS_MOVE = YES;
				CLANG_WARN_UNGUARDED_AVAILABILITY = YES_AGGRESSIVE;
				CLANG_WARN_UNREACHABLE_CODE = YES;
				CLANG_WARN__DUPLICATE_METHOD_MATCH = YES;
				COPY_PHASE_STRIP = NO;
				DEBUG_INFORMATION_FORMAT = dwarf;
				ENABLE_STRICT_OBJC_MSGSEND = YES;
				ENABLE_TESTABILITY = YES;
				GCC_C_LANGUAGE_STANDARD = gnu11;
				GCC_DYNAMIC_NO_PIC = NO;
				GCC_NO_COMMON_BLOCKS = YES;
				GCC_OPTIMIZATION_LEVEL = 0;
				GCC_PREPROCESSOR_DEFINITIONS = (
					"DEBUG=1",
					"$(inherited)",
				);
				GCC_WARN_64_TO_32_BIT_CONVERSION = YES;
				GCC_WARN_ABOUT_RETURN_TYPE = YES_ERROR;
				GCC_WARN_UNDECLARED_SELECTOR = YES;
				GCC_WARN_UNINITIALIZED_AUTOS = YES_AGGRESSIVE;
				GCC_WARN_UNUSED_FUNCTION = YES;
				GCC_WARN_UNUSED_VARIABLE = YES;
				IPHONEOS_DEPLOYMENT_TARGET = 13.2;
				MTL_ENABLE_DEBUG_INFO = INCLUDE_SOURCE;
				MTL_FAST_MATH = YES;
				ONLY_ACTIVE_ARCH = YES;
				SDKROOT = iphoneos;
				SWIFT_ACTIVE_COMPILATION_CONDITIONS = DEBUG;
				SWIFT_OPTIMIZATION_LEVEL = "-Onone";
			};
			name = Debug;
		};
		C91B5401237AE34A00CD794C /* Release */ = {
			isa = XCBuildConfiguration;
			buildSettings = {
				ALWAYS_SEARCH_USER_PATHS = NO;
				CLANG_ANALYZER_NONNULL = YES;
				CLANG_ANALYZER_NUMBER_OBJECT_CONVERSION = YES_AGGRESSIVE;
				CLANG_CXX_LANGUAGE_STANDARD = "gnu++14";
				CLANG_CXX_LIBRARY = "libc++";
				CLANG_ENABLE_MODULES = YES;
				CLANG_ENABLE_OBJC_ARC = YES;
				CLANG_ENABLE_OBJC_WEAK = YES;
				CLANG_WARN_BLOCK_CAPTURE_AUTORELEASING = YES;
				CLANG_WARN_BOOL_CONVERSION = YES;
				CLANG_WARN_COMMA = YES;
				CLANG_WARN_CONSTANT_CONVERSION = YES;
				CLANG_WARN_DEPRECATED_OBJC_IMPLEMENTATIONS = YES;
				CLANG_WARN_DIRECT_OBJC_ISA_USAGE = YES_ERROR;
				CLANG_WARN_DOCUMENTATION_COMMENTS = YES;
				CLANG_WARN_EMPTY_BODY = YES;
				CLANG_WARN_ENUM_CONVERSION = YES;
				CLANG_WARN_INFINITE_RECURSION = YES;
				CLANG_WARN_INT_CONVERSION = YES;
				CLANG_WARN_NON_LITERAL_NULL_CONVERSION = YES;
				CLANG_WARN_OBJC_IMPLICIT_RETAIN_SELF = YES;
				CLANG_WARN_OBJC_LITERAL_CONVERSION = YES;
				CLANG_WARN_OBJC_ROOT_CLASS = YES_ERROR;
				CLANG_WARN_RANGE_LOOP_ANALYSIS = YES;
				CLANG_WARN_STRICT_PROTOTYPES = YES;
				CLANG_WARN_SUSPICIOUS_MOVE = YES;
				CLANG_WARN_UNGUARDED_AVAILABILITY = YES_AGGRESSIVE;
				CLANG_WARN_UNREACHABLE_CODE = YES;
				CLANG_WARN__DUPLICATE_METHOD_MATCH = YES;
				COPY_PHASE_STRIP = NO;
				DEBUG_INFORMATION_FORMAT = "dwarf-with-dsym";
				ENABLE_NS_ASSERTIONS = NO;
				ENABLE_STRICT_OBJC_MSGSEND = YES;
				GCC_C_LANGUAGE_STANDARD = gnu11;
				GCC_NO_COMMON_BLOCKS = YES;
				GCC_WARN_64_TO_32_BIT_CONVERSION = YES;
				GCC_WARN_ABOUT_RETURN_TYPE = YES_ERROR;
				GCC_WARN_UNDECLARED_SELECTOR = YES;
				GCC_WARN_UNINITIALIZED_AUTOS = YES_AGGRESSIVE;
				GCC_WARN_UNUSED_FUNCTION = YES;
				GCC_WARN_UNUSED_VARIABLE = YES;
				IPHONEOS_DEPLOYMENT_TARGET = 13.2;
				MTL_ENABLE_DEBUG_INFO = NO;
				MTL_FAST_MATH = YES;
				SDKROOT = iphoneos;
				SWIFT_COMPILATION_MODE = wholemodule;
				SWIFT_OPTIMIZATION_LEVEL = "-O";
				VALIDATE_PRODUCT = YES;
			};
			name = Release;
		};
		C91B5403237AE34A00CD794C /* Debug */ = {
			isa = XCBuildConfiguration;
			buildSettings = {
				ASSETCATALOG_COMPILER_APPICON_NAME = AppIcon;
				CODE_SIGN_STYLE = Automatic;
				DEVELOPMENT_TEAM = "";
				INFOPLIST_FILE = NegroniChallenge/Info.plist;
				IPHONEOS_DEPLOYMENT_TARGET = 13.0;
				LD_RUNPATH_SEARCH_PATHS = (
					"$(inherited)",
					"@executable_path/Frameworks",
				);
				PRODUCT_BUNDLE_IDENTIFIER = rai.NegroniChallenge;
				PRODUCT_NAME = "$(TARGET_NAME)";
				SWIFT_VERSION = 5.0;
				TARGETED_DEVICE_FAMILY = "1,2";
			};
			name = Debug;
		};
		C91B5404237AE34A00CD794C /* Release */ = {
			isa = XCBuildConfiguration;
			buildSettings = {
				ASSETCATALOG_COMPILER_APPICON_NAME = AppIcon;
				CODE_SIGN_STYLE = Automatic;
				DEVELOPMENT_TEAM = "";
				INFOPLIST_FILE = NegroniChallenge/Info.plist;
				IPHONEOS_DEPLOYMENT_TARGET = 13.0;
				LD_RUNPATH_SEARCH_PATHS = (
					"$(inherited)",
					"@executable_path/Frameworks",
				);
				PRODUCT_BUNDLE_IDENTIFIER = rai.NegroniChallenge;
				PRODUCT_NAME = "$(TARGET_NAME)";
				SWIFT_VERSION = 5.0;
				TARGETED_DEVICE_FAMILY = "1,2";
			};
			name = Release;
		};
		C91B5406237AE34A00CD794C /* Debug */ = {
			isa = XCBuildConfiguration;
			buildSettings = {
				ALWAYS_EMBED_SWIFT_STANDARD_LIBRARIES = YES;
				BUNDLE_LOADER = "$(TEST_HOST)";
				CODE_SIGN_STYLE = Automatic;
				DEVELOPMENT_TEAM = 4V9Q2X8946;
				INFOPLIST_FILE = NegroniChallengeTests/Info.plist;
				IPHONEOS_DEPLOYMENT_TARGET = 13.0;
				LD_RUNPATH_SEARCH_PATHS = (
					"$(inherited)",
					"@executable_path/Frameworks",
					"@loader_path/Frameworks",
				);
				PRODUCT_BUNDLE_IDENTIFIER = rai.NegroniChallengeTests;
				PRODUCT_NAME = "$(TARGET_NAME)";
				SWIFT_VERSION = 5.0;
				TARGETED_DEVICE_FAMILY = "1,2";
				TEST_HOST = "$(BUILT_PRODUCTS_DIR)/NegroniChallenge.app/NegroniChallenge";
			};
			name = Debug;
		};
		C91B5407237AE34A00CD794C /* Release */ = {
			isa = XCBuildConfiguration;
			buildSettings = {
				ALWAYS_EMBED_SWIFT_STANDARD_LIBRARIES = YES;
				BUNDLE_LOADER = "$(TEST_HOST)";
				CODE_SIGN_STYLE = Automatic;
				DEVELOPMENT_TEAM = 4V9Q2X8946;
				INFOPLIST_FILE = NegroniChallengeTests/Info.plist;
				IPHONEOS_DEPLOYMENT_TARGET = 13.0;
				LD_RUNPATH_SEARCH_PATHS = (
					"$(inherited)",
					"@executable_path/Frameworks",
					"@loader_path/Frameworks",
				);
				PRODUCT_BUNDLE_IDENTIFIER = rai.NegroniChallengeTests;
				PRODUCT_NAME = "$(TARGET_NAME)";
				SWIFT_VERSION = 5.0;
				TARGETED_DEVICE_FAMILY = "1,2";
				TEST_HOST = "$(BUILT_PRODUCTS_DIR)/NegroniChallenge.app/NegroniChallenge";
			};
			name = Release;
		};
/* End XCBuildConfiguration section */

/* Begin XCConfigurationList section */
		C91B53D3237AE34900CD794C /* Build configuration list for PBXProject "NegroniChallenge" */ = {
			isa = XCConfigurationList;
			buildConfigurations = (
				C91B5400237AE34A00CD794C /* Debug */,
				C91B5401237AE34A00CD794C /* Release */,
			);
			defaultConfigurationIsVisible = 0;
			defaultConfigurationName = Release;
		};
		C91B5402237AE34A00CD794C /* Build configuration list for PBXNativeTarget "NegroniChallenge" */ = {
			isa = XCConfigurationList;
			buildConfigurations = (
				C91B5403237AE34A00CD794C /* Debug */,
				C91B5404237AE34A00CD794C /* Release */,
			);
			defaultConfigurationIsVisible = 0;
			defaultConfigurationName = Release;
		};
		C91B5405237AE34A00CD794C /* Build configuration list for PBXNativeTarget "NegroniChallengeTests" */ = {
			isa = XCConfigurationList;
			buildConfigurations = (
				C91B5406237AE34A00CD794C /* Debug */,
				C91B5407237AE34A00CD794C /* Release */,
			);
			defaultConfigurationIsVisible = 0;
			defaultConfigurationName = Release;
		};
/* End XCConfigurationList section */

/* Begin XCVersionGroup section */
		C94A5037237D962F0014ABE0 /* Database.xcdatamodeld */ = {
			isa = XCVersionGroup;
			children = (
				C94A5038237D962F0014ABE0 /* Database.xcdatamodel */,
			);
			currentVersion = C94A5038237D962F0014ABE0 /* Database.xcdatamodel */;
			path = Database.xcdatamodeld;
			sourceTree = "<group>";
			versionGroupType = wrapper.xcdatamodel;
		};
/* End XCVersionGroup section */
	};
	rootObject = C91B53D0237AE34900CD794C /* Project object */;
}
