// !$*UTF8*$!
{
	archiveVersion = 1;
	classes = {
	};
	objectVersion = 50;
	objects = {

/* Begin PBXBuildFile section */
		67B917EE2386CC380069151A /* AppDelegate.swift in Sources */ = {isa = PBXBuildFile; fileRef = 67B917ED2386CC380069151A /* AppDelegate.swift */; };
		67B917F02386CC380069151A /* SceneDelegate.swift in Sources */ = {isa = PBXBuildFile; fileRef = 67B917EF2386CC380069151A /* SceneDelegate.swift */; };
		67B917F22386CC380069151A /* ViewController.swift in Sources */ = {isa = PBXBuildFile; fileRef = 67B917F12386CC380069151A /* ViewController.swift */; };
		67B917F52386CC380069151A /* Main.storyboard in Resources */ = {isa = PBXBuildFile; fileRef = 67B917F32386CC380069151A /* Main.storyboard */; };
		67B917F82386CC380069151A /* NegroniChallengeV3.xcdatamodeld in Sources */ = {isa = PBXBuildFile; fileRef = 67B917F62386CC380069151A /* NegroniChallengeV3.xcdatamodeld */; };
		67B917FA2386CC380069151A /* Assets.xcassets in Resources */ = {isa = PBXBuildFile; fileRef = 67B917F92386CC380069151A /* Assets.xcassets */; };
		67B917FD2386CC380069151A /* LaunchScreen.storyboard in Resources */ = {isa = PBXBuildFile; fileRef = 67B917FB2386CC380069151A /* LaunchScreen.storyboard */; };
		67B918082386CC390069151A /* NegroniChallengeV3Tests.swift in Sources */ = {isa = PBXBuildFile; fileRef = 67B918072386CC390069151A /* NegroniChallengeV3Tests.swift */; };
		67B918132386CC390069151A /* NegroniChallengeV3UITests.swift in Sources */ = {isa = PBXBuildFile; fileRef = 67B918122386CC390069151A /* NegroniChallengeV3UITests.swift */; };
		67B918252386DF7B0069151A /* firstLayoutPage.swift in Sources */ = {isa = PBXBuildFile; fileRef = 67B918242386DF7B0069151A /* firstLayoutPage.swift */; };
		67B918272386E8DF0069151A /* TravelMenu.swift in Sources */ = {isa = PBXBuildFile; fileRef = 67B918262386E8DF0069151A /* TravelMenu.swift */; };
		67B9182A2386F3930069151A /* image.png in Resources */ = {isa = PBXBuildFile; fileRef = 67B918292386F3930069151A /* image.png */; };
		67B9182F2386FA4F0069151A /* Trip+CoreDataClass.swift in Sources */ = {isa = PBXBuildFile; fileRef = 67B9182B2386FA4F0069151A /* Trip+CoreDataClass.swift */; };
		67B918302386FA4F0069151A /* Trip+CoreDataProperties.swift in Sources */ = {isa = PBXBuildFile; fileRef = 67B9182C2386FA4F0069151A /* Trip+CoreDataProperties.swift */; };
		67B918312386FA4F0069151A /* Page+CoreDataClass.swift in Sources */ = {isa = PBXBuildFile; fileRef = 67B9182D2386FA4F0069151A /* Page+CoreDataClass.swift */; };
		67B918322386FA4F0069151A /* Page+CoreDataProperties.swift in Sources */ = {isa = PBXBuildFile; fileRef = 67B9182E2386FA4F0069151A /* Page+CoreDataProperties.swift */; };
		67B918342386FA6D0069151A /* CoreDataController.swift in Sources */ = {isa = PBXBuildFile; fileRef = 67B918332386FA6D0069151A /* CoreDataController.swift */; };
/* End PBXBuildFile section */

/* Begin PBXContainerItemProxy section */
		67B918042386CC390069151A /* PBXContainerItemProxy */ = {
			isa = PBXContainerItemProxy;
			containerPortal = 67B917E22386CC370069151A /* Project object */;
			proxyType = 1;
			remoteGlobalIDString = 67B917E92386CC370069151A;
			remoteInfo = NegroniChallengeV3;
		};
		67B9180F2386CC390069151A /* PBXContainerItemProxy */ = {
			isa = PBXContainerItemProxy;
			containerPortal = 67B917E22386CC370069151A /* Project object */;
			proxyType = 1;
			remoteGlobalIDString = 67B917E92386CC370069151A;
			remoteInfo = NegroniChallengeV3;
		};
/* End PBXContainerItemProxy section */

/* Begin PBXFileReference section */
		67B917EA2386CC380069151A /* NegroniChallengeV3.app */ = {isa = PBXFileReference; explicitFileType = wrapper.application; includeInIndex = 0; path = NegroniChallengeV3.app; sourceTree = BUILT_PRODUCTS_DIR; };
		67B917ED2386CC380069151A /* AppDelegate.swift */ = {isa = PBXFileReference; lastKnownFileType = sourcecode.swift; path = AppDelegate.swift; sourceTree = "<group>"; };
		67B917EF2386CC380069151A /* SceneDelegate.swift */ = {isa = PBXFileReference; lastKnownFileType = sourcecode.swift; path = SceneDelegate.swift; sourceTree = "<group>"; };
		67B917F12386CC380069151A /* ViewController.swift */ = {isa = PBXFileReference; lastKnownFileType = sourcecode.swift; path = ViewController.swift; sourceTree = "<group>"; };
		67B917F42386CC380069151A /* Base */ = {isa = PBXFileReference; lastKnownFileType = file.storyboard; name = Base; path = Base.lproj/Main.storyboard; sourceTree = "<group>"; };
		67B917F72386CC380069151A /* NegroniChallengeV3.xcdatamodel */ = {isa = PBXFileReference; lastKnownFileType = wrapper.xcdatamodel; path = NegroniChallengeV3.xcdatamodel; sourceTree = "<group>"; };
		67B917F92386CC380069151A /* Assets.xcassets */ = {isa = PBXFileReference; lastKnownFileType = folder.assetcatalog; path = Assets.xcassets; sourceTree = "<group>"; };
		67B917FC2386CC380069151A /* Base */ = {isa = PBXFileReference; lastKnownFileType = file.storyboard; name = Base; path = Base.lproj/LaunchScreen.storyboard; sourceTree = "<group>"; };
		67B917FE2386CC380069151A /* Info.plist */ = {isa = PBXFileReference; lastKnownFileType = text.plist.xml; path = Info.plist; sourceTree = "<group>"; };
		67B918032386CC390069151A /* NegroniChallengeV3Tests.xctest */ = {isa = PBXFileReference; explicitFileType = wrapper.cfbundle; includeInIndex = 0; path = NegroniChallengeV3Tests.xctest; sourceTree = BUILT_PRODUCTS_DIR; };
		67B918072386CC390069151A /* NegroniChallengeV3Tests.swift */ = {isa = PBXFileReference; lastKnownFileType = sourcecode.swift; path = NegroniChallengeV3Tests.swift; sourceTree = "<group>"; };
		67B918092386CC390069151A /* Info.plist */ = {isa = PBXFileReference; lastKnownFileType = text.plist.xml; path = Info.plist; sourceTree = "<group>"; };
		67B9180E2386CC390069151A /* NegroniChallengeV3UITests.xctest */ = {isa = PBXFileReference; explicitFileType = wrapper.cfbundle; includeInIndex = 0; path = NegroniChallengeV3UITests.xctest; sourceTree = BUILT_PRODUCTS_DIR; };
		67B918122386CC390069151A /* NegroniChallengeV3UITests.swift */ = {isa = PBXFileReference; lastKnownFileType = sourcecode.swift; path = NegroniChallengeV3UITests.swift; sourceTree = "<group>"; };
		67B918142386CC390069151A /* Info.plist */ = {isa = PBXFileReference; lastKnownFileType = text.plist.xml; path = Info.plist; sourceTree = "<group>"; };
		67B918202386D35E0069151A /* SF-Pro-Display-Bold.otf */ = {isa = PBXFileReference; lastKnownFileType = file; path = "SF-Pro-Display-Bold.otf"; sourceTree = "<group>"; };
		67B918222386D37A0069151A /* SF-Pro-Display-Medium.otf */ = {isa = PBXFileReference; lastKnownFileType = file; path = "SF-Pro-Display-Medium.otf"; sourceTree = "<group>"; };
		67B918232386D3A80069151A /* SF-Pro-Rounded-Bold.otf */ = {isa = PBXFileReference; lastKnownFileType = file; path = "SF-Pro-Rounded-Bold.otf"; sourceTree = "<group>"; };
		67B918242386DF7B0069151A /* firstLayoutPage.swift */ = {isa = PBXFileReference; lastKnownFileType = sourcecode.swift; path = firstLayoutPage.swift; sourceTree = "<group>"; };
		67B918262386E8DF0069151A /* TravelMenu.swift */ = {isa = PBXFileReference; lastKnownFileType = sourcecode.swift; path = TravelMenu.swift; sourceTree = "<group>"; };
		67B918282386EE9A0069151A /* SF-Pro-Display-Light.otf */ = {isa = PBXFileReference; lastKnownFileType = file; path = "SF-Pro-Display-Light.otf"; sourceTree = "<group>"; };
		67B918292386F3930069151A /* image.png */ = {isa = PBXFileReference; lastKnownFileType = image.png; path = image.png; sourceTree = "<group>"; };
		67B9182B2386FA4F0069151A /* Trip+CoreDataClass.swift */ = {isa = PBXFileReference; lastKnownFileType = sourcecode.swift; path = "Trip+CoreDataClass.swift"; sourceTree = "<group>"; };
		67B9182C2386FA4F0069151A /* Trip+CoreDataProperties.swift */ = {isa = PBXFileReference; lastKnownFileType = sourcecode.swift; path = "Trip+CoreDataProperties.swift"; sourceTree = "<group>"; };
		67B9182D2386FA4F0069151A /* Page+CoreDataClass.swift */ = {isa = PBXFileReference; lastKnownFileType = sourcecode.swift; path = "Page+CoreDataClass.swift"; sourceTree = "<group>"; };
		67B9182E2386FA4F0069151A /* Page+CoreDataProperties.swift */ = {isa = PBXFileReference; lastKnownFileType = sourcecode.swift; path = "Page+CoreDataProperties.swift"; sourceTree = "<group>"; };
		67B918332386FA6D0069151A /* CoreDataController.swift */ = {isa = PBXFileReference; lastKnownFileType = sourcecode.swift; path = CoreDataController.swift; sourceTree = "<group>"; };
/* End PBXFileReference section */

/* Begin PBXFrameworksBuildPhase section */
		67B917E72386CC370069151A /* Frameworks */ = {
			isa = PBXFrameworksBuildPhase;
			buildActionMask = 2147483647;
			files = (
			);
			runOnlyForDeploymentPostprocessing = 0;
		};
		67B918002386CC390069151A /* Frameworks */ = {
			isa = PBXFrameworksBuildPhase;
			buildActionMask = 2147483647;
			files = (
			);
			runOnlyForDeploymentPostprocessing = 0;
		};
		67B9180B2386CC390069151A /* Frameworks */ = {
			isa = PBXFrameworksBuildPhase;
			buildActionMask = 2147483647;
			files = (
			);
			runOnlyForDeploymentPostprocessing = 0;
		};
/* End PBXFrameworksBuildPhase section */

/* Begin PBXGroup section */
		67B917E12386CC370069151A = {
			isa = PBXGroup;
			children = (
				67B9182B2386FA4F0069151A /* Trip+CoreDataClass.swift */,
				67B9182C2386FA4F0069151A /* Trip+CoreDataProperties.swift */,
				67B9182D2386FA4F0069151A /* Page+CoreDataClass.swift */,
				67B9182E2386FA4F0069151A /* Page+CoreDataProperties.swift */,
				67B917EC2386CC380069151A /* NegroniChallengeV3 */,
				67B918062386CC390069151A /* NegroniChallengeV3Tests */,
				67B918112386CC390069151A /* NegroniChallengeV3UITests */,
				67B917EB2386CC380069151A /* Products */,
			);
			sourceTree = "<group>";
		};
		67B917EB2386CC380069151A /* Products */ = {
			isa = PBXGroup;
			children = (
				67B917EA2386CC380069151A /* NegroniChallengeV3.app */,
				67B918032386CC390069151A /* NegroniChallengeV3Tests.xctest */,
				67B9180E2386CC390069151A /* NegroniChallengeV3UITests.xctest */,
			);
			name = Products;
			sourceTree = "<group>";
		};
		67B917EC2386CC380069151A /* NegroniChallengeV3 */ = {
			isa = PBXGroup;
			children = (
				67B918212386D3680069151A /* fonts */,
				67B917ED2386CC380069151A /* AppDelegate.swift */,
				67B917EF2386CC380069151A /* SceneDelegate.swift */,
				67B918332386FA6D0069151A /* CoreDataController.swift */,
				67B917F12386CC380069151A /* ViewController.swift */,
				67B918242386DF7B0069151A /* firstLayoutPage.swift */,
				67B918262386E8DF0069151A /* TravelMenu.swift */,
				67B917F32386CC380069151A /* Main.storyboard */,
				67B917F92386CC380069151A /* Assets.xcassets */,
				67B918292386F3930069151A /* image.png */,
				67B917FB2386CC380069151A /* LaunchScreen.storyboard */,
				67B917FE2386CC380069151A /* Info.plist */,
				67B917F62386CC380069151A /* NegroniChallengeV3.xcdatamodeld */,
			);
			path = NegroniChallengeV3;
			sourceTree = "<group>";
		};
		67B918062386CC390069151A /* NegroniChallengeV3Tests */ = {
			isa = PBXGroup;
			children = (
				67B918072386CC390069151A /* NegroniChallengeV3Tests.swift */,
				67B918092386CC390069151A /* Info.plist */,
			);
			path = NegroniChallengeV3Tests;
			sourceTree = "<group>";
		};
		67B918112386CC390069151A /* NegroniChallengeV3UITests */ = {
			isa = PBXGroup;
			children = (
				67B918122386CC390069151A /* NegroniChallengeV3UITests.swift */,
				67B918142386CC390069151A /* Info.plist */,
			);
			path = NegroniChallengeV3UITests;
			sourceTree = "<group>";
		};
		67B918212386D3680069151A /* fonts */ = {
			isa = PBXGroup;
			children = (
				67B918202386D35E0069151A /* SF-Pro-Display-Bold.otf */,
				67B918222386D37A0069151A /* SF-Pro-Display-Medium.otf */,
				67B918232386D3A80069151A /* SF-Pro-Rounded-Bold.otf */,
				67B918282386EE9A0069151A /* SF-Pro-Display-Light.otf */,
			);
			path = fonts;
			sourceTree = "<group>";
		};
/* End PBXGroup section */

/* Begin PBXNativeTarget section */
		67B917E92386CC370069151A /* NegroniChallengeV3 */ = {
			isa = PBXNativeTarget;
			buildConfigurationList = 67B918172386CC390069151A /* Build configuration list for PBXNativeTarget "NegroniChallengeV3" */;
			buildPhases = (
				67B917E62386CC370069151A /* Sources */,
				67B917E72386CC370069151A /* Frameworks */,
				67B917E82386CC370069151A /* Resources */,
			);
			buildRules = (
			);
			dependencies = (
			);
			name = NegroniChallengeV3;
			productName = NegroniChallengeV3;
			productReference = 67B917EA2386CC380069151A /* NegroniChallengeV3.app */;
			productType = "com.apple.product-type.application";
		};
		67B918022386CC390069151A /* NegroniChallengeV3Tests */ = {
			isa = PBXNativeTarget;
			buildConfigurationList = 67B9181A2386CC390069151A /* Build configuration list for PBXNativeTarget "NegroniChallengeV3Tests" */;
			buildPhases = (
				67B917FF2386CC390069151A /* Sources */,
				67B918002386CC390069151A /* Frameworks */,
				67B918012386CC390069151A /* Resources */,
			);
			buildRules = (
			);
			dependencies = (
				67B918052386CC390069151A /* PBXTargetDependency */,
			);
			name = NegroniChallengeV3Tests;
			productName = NegroniChallengeV3Tests;
			productReference = 67B918032386CC390069151A /* NegroniChallengeV3Tests.xctest */;
			productType = "com.apple.product-type.bundle.unit-test";
		};
		67B9180D2386CC390069151A /* NegroniChallengeV3UITests */ = {
			isa = PBXNativeTarget;
			buildConfigurationList = 67B9181D2386CC390069151A /* Build configuration list for PBXNativeTarget "NegroniChallengeV3UITests" */;
			buildPhases = (
				67B9180A2386CC390069151A /* Sources */,
				67B9180B2386CC390069151A /* Frameworks */,
				67B9180C2386CC390069151A /* Resources */,
			);
			buildRules = (
			);
			dependencies = (
				67B918102386CC390069151A /* PBXTargetDependency */,
			);
			name = NegroniChallengeV3UITests;
			productName = NegroniChallengeV3UITests;
			productReference = 67B9180E2386CC390069151A /* NegroniChallengeV3UITests.xctest */;
			productType = "com.apple.product-type.bundle.ui-testing";
		};
/* End PBXNativeTarget section */

/* Begin PBXProject section */
		67B917E22386CC370069151A /* Project object */ = {
			isa = PBXProject;
			attributes = {
				LastSwiftUpdateCheck = 1110;
				LastUpgradeCheck = 1110;
				ORGANIZATIONNAME = "Chiara Pellecchia";
				TargetAttributes = {
					67B917E92386CC370069151A = {
						CreatedOnToolsVersion = 11.1;
					};
					67B918022386CC390069151A = {
						CreatedOnToolsVersion = 11.1;
						TestTargetID = 67B917E92386CC370069151A;
					};
					67B9180D2386CC390069151A = {
						CreatedOnToolsVersion = 11.1;
						TestTargetID = 67B917E92386CC370069151A;
					};
				};
			};
			buildConfigurationList = 67B917E52386CC370069151A /* Build configuration list for PBXProject "NegroniChallengeV3" */;
			compatibilityVersion = "Xcode 9.3";
			developmentRegion = en;
			hasScannedForEncodings = 0;
			knownRegions = (
				en,
				Base,
			);
			mainGroup = 67B917E12386CC370069151A;
			productRefGroup = 67B917EB2386CC380069151A /* Products */;
			projectDirPath = "";
			projectRoot = "";
			targets = (
				67B917E92386CC370069151A /* NegroniChallengeV3 */,
				67B918022386CC390069151A /* NegroniChallengeV3Tests */,
				67B9180D2386CC390069151A /* NegroniChallengeV3UITests */,
			);
		};
/* End PBXProject section */

/* Begin PBXResourcesBuildPhase section */
		67B917E82386CC370069151A /* Resources */ = {
			isa = PBXResourcesBuildPhase;
			buildActionMask = 2147483647;
			files = (
				67B917FD2386CC380069151A /* LaunchScreen.storyboard in Resources */,
				67B917FA2386CC380069151A /* Assets.xcassets in Resources */,
				67B917F52386CC380069151A /* Main.storyboard in Resources */,
				67B9182A2386F3930069151A /* image.png in Resources */,
			);
			runOnlyForDeploymentPostprocessing = 0;
		};
		67B918012386CC390069151A /* Resources */ = {
			isa = PBXResourcesBuildPhase;
			buildActionMask = 2147483647;
			files = (
			);
			runOnlyForDeploymentPostprocessing = 0;
		};
		67B9180C2386CC390069151A /* Resources */ = {
			isa = PBXResourcesBuildPhase;
			buildActionMask = 2147483647;
			files = (
			);
			runOnlyForDeploymentPostprocessing = 0;
		};
/* End PBXResourcesBuildPhase section */

/* Begin PBXSourcesBuildPhase section */
		67B917E62386CC370069151A /* Sources */ = {
			isa = PBXSourcesBuildPhase;
			buildActionMask = 2147483647;
			files = (
				67B918272386E8DF0069151A /* TravelMenu.swift in Sources */,
				67B918312386FA4F0069151A /* Page+CoreDataClass.swift in Sources */,
				67B9182F2386FA4F0069151A /* Trip+CoreDataClass.swift in Sources */,
				67B918302386FA4F0069151A /* Trip+CoreDataProperties.swift in Sources */,
				67B918252386DF7B0069151A /* firstLayoutPage.swift in Sources */,
				67B917F22386CC380069151A /* ViewController.swift in Sources */,
				67B918342386FA6D0069151A /* CoreDataController.swift in Sources */,
				67B918322386FA4F0069151A /* Page+CoreDataProperties.swift in Sources */,
				67B917F82386CC380069151A /* NegroniChallengeV3.xcdatamodeld in Sources */,
				67B917EE2386CC380069151A /* AppDelegate.swift in Sources */,
				67B917F02386CC380069151A /* SceneDelegate.swift in Sources */,
			);
			runOnlyForDeploymentPostprocessing = 0;
		};
		67B917FF2386CC390069151A /* Sources */ = {
			isa = PBXSourcesBuildPhase;
			buildActionMask = 2147483647;
			files = (
				67B918082386CC390069151A /* NegroniChallengeV3Tests.swift in Sources */,
			);
			runOnlyForDeploymentPostprocessing = 0;
		};
		67B9180A2386CC390069151A /* Sources */ = {
			isa = PBXSourcesBuildPhase;
			buildActionMask = 2147483647;
			files = (
				67B918132386CC390069151A /* NegroniChallengeV3UITests.swift in Sources */,
			);
			runOnlyForDeploymentPostprocessing = 0;
		};
/* End PBXSourcesBuildPhase section */

/* Begin PBXTargetDependency section */
		67B918052386CC390069151A /* PBXTargetDependency */ = {
			isa = PBXTargetDependency;
			target = 67B917E92386CC370069151A /* NegroniChallengeV3 */;
			targetProxy = 67B918042386CC390069151A /* PBXContainerItemProxy */;
		};
		67B918102386CC390069151A /* PBXTargetDependency */ = {
			isa = PBXTargetDependency;
			target = 67B917E92386CC370069151A /* NegroniChallengeV3 */;
			targetProxy = 67B9180F2386CC390069151A /* PBXContainerItemProxy */;
		};
/* End PBXTargetDependency section */

/* Begin PBXVariantGroup section */
		67B917F32386CC380069151A /* Main.storyboard */ = {
			isa = PBXVariantGroup;
			children = (
				67B917F42386CC380069151A /* Base */,
			);
			name = Main.storyboard;
			sourceTree = "<group>";
		};
		67B917FB2386CC380069151A /* LaunchScreen.storyboard */ = {
			isa = PBXVariantGroup;
			children = (
				67B917FC2386CC380069151A /* Base */,
			);
			name = LaunchScreen.storyboard;
			sourceTree = "<group>";
		};
/* End PBXVariantGroup section */

/* Begin XCBuildConfiguration section */
		67B918152386CC390069151A /* Debug */ = {
			isa = XCBuildConfiguration;
			buildSettings = {
				ALWAYS_SEARCH_USER_PATHS = NO;
				CLANG_ANALYZER_NONNULL = YES;
				CLANG_ANALYZER_NUMBER_OBJECT_CONVERSION = YES_AGGRESSIVE;
				CLANG_CXX_LANGUAGE_STANDARD = "gnu++14";
				CLANG_CXX_LIBRARY = "libc++";
				CLANG_ENABLE_MODULES = YES;
				CLANG_ENABLE_OBJC_ARC = YES;
				CLANG_ENABLE_OBJC_WEAK = YES;
				CLANG_WARN_BLOCK_CAPTURE_AUTORELEASING = YES;
				CLANG_WARN_BOOL_CONVERSION = YES;
				CLANG_WARN_COMMA = YES;
				CLANG_WARN_CONSTANT_CONVERSION = YES;
				CLANG_WARN_DEPRECATED_OBJC_IMPLEMENTATIONS = YES;
				CLANG_WARN_DIRECT_OBJC_ISA_USAGE = YES_ERROR;
				CLANG_WARN_DOCUMENTATION_COMMENTS = YES;
				CLANG_WARN_EMPTY_BODY = YES;
				CLANG_WARN_ENUM_CONVERSION = YES;
				CLANG_WARN_INFINITE_RECURSION = YES;
				CLANG_WARN_INT_CONVERSION = YES;
				CLANG_WARN_NON_LITERAL_NULL_CONVERSION = YES;
				CLANG_WARN_OBJC_IMPLICIT_RETAIN_SELF = YES;
				CLANG_WARN_OBJC_LITERAL_CONVERSION = YES;
				CLANG_WARN_OBJC_ROOT_CLASS = YES_ERROR;
				CLANG_WARN_RANGE_LOOP_ANALYSIS = YES;
				CLANG_WARN_STRICT_PROTOTYPES = YES;
				CLANG_WARN_SUSPICIOUS_MOVE = YES;
				CLANG_WARN_UNGUARDED_AVAILABILITY = YES_AGGRESSIVE;
				CLANG_WARN_UNREACHABLE_CODE = YES;
				CLANG_WARN__DUPLICATE_METHOD_MATCH = YES;
				COPY_PHASE_STRIP = NO;
				DEBUG_INFORMATION_FORMAT = dwarf;
				ENABLE_STRICT_OBJC_MSGSEND = YES;
				ENABLE_TESTABILITY = YES;
				GCC_C_LANGUAGE_STANDARD = gnu11;
				GCC_DYNAMIC_NO_PIC = NO;
				GCC_NO_COMMON_BLOCKS = YES;
				GCC_OPTIMIZATION_LEVEL = 0;
				GCC_PREPROCESSOR_DEFINITIONS = (
					"DEBUG=1",
					"$(inherited)",
				);
				GCC_WARN_64_TO_32_BIT_CONVERSION = YES;
				GCC_WARN_ABOUT_RETURN_TYPE = YES_ERROR;
				GCC_WARN_UNDECLARED_SELECTOR = YES;
				GCC_WARN_UNINITIALIZED_AUTOS = YES_AGGRESSIVE;
				GCC_WARN_UNUSED_FUNCTION = YES;
				GCC_WARN_UNUSED_VARIABLE = YES;
				IPHONEOS_DEPLOYMENT_TARGET = 13.1;
				MTL_ENABLE_DEBUG_INFO = INCLUDE_SOURCE;
				MTL_FAST_MATH = YES;
				ONLY_ACTIVE_ARCH = YES;
				SDKROOT = iphoneos;
				SWIFT_ACTIVE_COMPILATION_CONDITIONS = DEBUG;
				SWIFT_OPTIMIZATION_LEVEL = "-Onone";
			};
			name = Debug;
		};
		67B918162386CC390069151A /* Release */ = {
			isa = XCBuildConfiguration;
			buildSettings = {
				ALWAYS_SEARCH_USER_PATHS = NO;
				CLANG_ANALYZER_NONNULL = YES;
				CLANG_ANALYZER_NUMBER_OBJECT_CONVERSION = YES_AGGRESSIVE;
				CLANG_CXX_LANGUAGE_STANDARD = "gnu++14";
				CLANG_CXX_LIBRARY = "libc++";
				CLANG_ENABLE_MODULES = YES;
				CLANG_ENABLE_OBJC_ARC = YES;
				CLANG_ENABLE_OBJC_WEAK = YES;
				CLANG_WARN_BLOCK_CAPTURE_AUTORELEASING = YES;
				CLANG_WARN_BOOL_CONVERSION = YES;
				CLANG_WARN_COMMA = YES;
				CLANG_WARN_CONSTANT_CONVERSION = YES;
				CLANG_WARN_DEPRECATED_OBJC_IMPLEMENTATIONS = YES;
				CLANG_WARN_DIRECT_OBJC_ISA_USAGE = YES_ERROR;
				CLANG_WARN_DOCUMENTATION_COMMENTS = YES;
				CLANG_WARN_EMPTY_BODY = YES;
				CLANG_WARN_ENUM_CONVERSION = YES;
				CLANG_WARN_INFINITE_RECURSION = YES;
				CLANG_WARN_INT_CONVERSION = YES;
				CLANG_WARN_NON_LITERAL_NULL_CONVERSION = YES;
				CLANG_WARN_OBJC_IMPLICIT_RETAIN_SELF = YES;
				CLANG_WARN_OBJC_LITERAL_CONVERSION = YES;
				CLANG_WARN_OBJC_ROOT_CLASS = YES_ERROR;
				CLANG_WARN_RANGE_LOOP_ANALYSIS = YES;
				CLANG_WARN_STRICT_PROTOTYPES = YES;
				CLANG_WARN_SUSPICIOUS_MOVE = YES;
				CLANG_WARN_UNGUARDED_AVAILABILITY = YES_AGGRESSIVE;
				CLANG_WARN_UNREACHABLE_CODE = YES;
				CLANG_WARN__DUPLICATE_METHOD_MATCH = YES;
				COPY_PHASE_STRIP = NO;
				DEBUG_INFORMATION_FORMAT = "dwarf-with-dsym";
				ENABLE_NS_ASSERTIONS = NO;
				ENABLE_STRICT_OBJC_MSGSEND = YES;
				GCC_C_LANGUAGE_STANDARD = gnu11;
				GCC_NO_COMMON_BLOCKS = YES;
				GCC_WARN_64_TO_32_BIT_CONVERSION = YES;
				GCC_WARN_ABOUT_RETURN_TYPE = YES_ERROR;
				GCC_WARN_UNDECLARED_SELECTOR = YES;
				GCC_WARN_UNINITIALIZED_AUTOS = YES_AGGRESSIVE;
				GCC_WARN_UNUSED_FUNCTION = YES;
				GCC_WARN_UNUSED_VARIABLE = YES;
				IPHONEOS_DEPLOYMENT_TARGET = 13.1;
				MTL_ENABLE_DEBUG_INFO = NO;
				MTL_FAST_MATH = YES;
				SDKROOT = iphoneos;
				SWIFT_COMPILATION_MODE = wholemodule;
				SWIFT_OPTIMIZATION_LEVEL = "-O";
				VALIDATE_PRODUCT = YES;
			};
			name = Release;
		};
		67B918182386CC390069151A /* Debug */ = {
			isa = XCBuildConfiguration;
			buildSettings = {
				ASSETCATALOG_COMPILER_APPICON_NAME = AppIcon;
				CODE_SIGN_STYLE = Automatic;
				INFOPLIST_FILE = NegroniChallengeV3/Info.plist;
				LD_RUNPATH_SEARCH_PATHS = (
					"$(inherited)",
					"@executable_path/Frameworks",
				);
				PRODUCT_BUNDLE_IDENTIFIER = com.developers.NegroniChallengeV3;
				PRODUCT_NAME = "$(TARGET_NAME)";
				SWIFT_VERSION = 5.0;
				TARGETED_DEVICE_FAMILY = "1,2";
			};
			name = Debug;
		};
		67B918192386CC390069151A /* Release */ = {
			isa = XCBuildConfiguration;
			buildSettings = {
				ASSETCATALOG_COMPILER_APPICON_NAME = AppIcon;
				CODE_SIGN_STYLE = Automatic;
				INFOPLIST_FILE = NegroniChallengeV3/Info.plist;
				LD_RUNPATH_SEARCH_PATHS = (
					"$(inherited)",
					"@executable_path/Frameworks",
				);
				PRODUCT_BUNDLE_IDENTIFIER = com.developers.NegroniChallengeV3;
				PRODUCT_NAME = "$(TARGET_NAME)";
				SWIFT_VERSION = 5.0;
				TARGETED_DEVICE_FAMILY = "1,2";
			};
			name = Release;
		};
		67B9181B2386CC390069151A /* Debug */ = {
			isa = XCBuildConfiguration;
			buildSettings = {
				ALWAYS_EMBED_SWIFT_STANDARD_LIBRARIES = YES;
				BUNDLE_LOADER = "$(TEST_HOST)";
				CODE_SIGN_STYLE = Automatic;
				INFOPLIST_FILE = NegroniChallengeV3Tests/Info.plist;
				IPHONEOS_DEPLOYMENT_TARGET = 13.1;
				LD_RUNPATH_SEARCH_PATHS = (
					"$(inherited)",
					"@executable_path/Frameworks",
					"@loader_path/Frameworks",
				);
				PRODUCT_BUNDLE_IDENTIFIER = com.developers.NegroniChallengeV3Tests;
				PRODUCT_NAME = "$(TARGET_NAME)";
				SWIFT_VERSION = 5.0;
				TARGETED_DEVICE_FAMILY = "1,2";
				TEST_HOST = "$(BUILT_PRODUCTS_DIR)/NegroniChallengeV3.app/NegroniChallengeV3";
			};
			name = Debug;
		};
		67B9181C2386CC390069151A /* Release */ = {
			isa = XCBuildConfiguration;
			buildSettings = {
				ALWAYS_EMBED_SWIFT_STANDARD_LIBRARIES = YES;
				BUNDLE_LOADER = "$(TEST_HOST)";
				CODE_SIGN_STYLE = Automatic;
				INFOPLIST_FILE = NegroniChallengeV3Tests/Info.plist;
				IPHONEOS_DEPLOYMENT_TARGET = 13.1;
				LD_RUNPATH_SEARCH_PATHS = (
					"$(inherited)",
					"@executable_path/Frameworks",
					"@loader_path/Frameworks",
				);
				PRODUCT_BUNDLE_IDENTIFIER = com.developers.NegroniChallengeV3Tests;
				PRODUCT_NAME = "$(TARGET_NAME)";
				SWIFT_VERSION = 5.0;
				TARGETED_DEVICE_FAMILY = "1,2";
				TEST_HOST = "$(BUILT_PRODUCTS_DIR)/NegroniChallengeV3.app/NegroniChallengeV3";
			};
			name = Release;
		};
		67B9181E2386CC390069151A /* Debug */ = {
			isa = XCBuildConfiguration;
			buildSettings = {
				ALWAYS_EMBED_SWIFT_STANDARD_LIBRARIES = YES;
				CODE_SIGN_STYLE = Automatic;
				INFOPLIST_FILE = NegroniChallengeV3UITests/Info.plist;
				LD_RUNPATH_SEARCH_PATHS = (
					"$(inherited)",
					"@executable_path/Frameworks",
					"@loader_path/Frameworks",
				);
				PRODUCT_BUNDLE_IDENTIFIER = com.developers.NegroniChallengeV3UITests;
				PRODUCT_NAME = "$(TARGET_NAME)";
				SWIFT_VERSION = 5.0;
				TARGETED_DEVICE_FAMILY = "1,2";
				TEST_TARGET_NAME = NegroniChallengeV3;
			};
			name = Debug;
		};
		67B9181F2386CC390069151A /* Release */ = {
			isa = XCBuildConfiguration;
			buildSettings = {
				ALWAYS_EMBED_SWIFT_STANDARD_LIBRARIES = YES;
				CODE_SIGN_STYLE = Automatic;
				INFOPLIST_FILE = NegroniChallengeV3UITests/Info.plist;
				LD_RUNPATH_SEARCH_PATHS = (
					"$(inherited)",
					"@executable_path/Frameworks",
					"@loader_path/Frameworks",
				);
				PRODUCT_BUNDLE_IDENTIFIER = com.developers.NegroniChallengeV3UITests;
				PRODUCT_NAME = "$(TARGET_NAME)";
				SWIFT_VERSION = 5.0;
				TARGETED_DEVICE_FAMILY = "1,2";
				TEST_TARGET_NAME = NegroniChallengeV3;
			};
			name = Release;
		};
/* End XCBuildConfiguration section */

/* Begin XCConfigurationList section */
		67B917E52386CC370069151A /* Build configuration list for PBXProject "NegroniChallengeV3" */ = {
			isa = XCConfigurationList;
			buildConfigurations = (
				67B918152386CC390069151A /* Debug */,
				67B918162386CC390069151A /* Release */,
			);
			defaultConfigurationIsVisible = 0;
			defaultConfigurationName = Release;
		};
		67B918172386CC390069151A /* Build configuration list for PBXNativeTarget "NegroniChallengeV3" */ = {
			isa = XCConfigurationList;
			buildConfigurations = (
				67B918182386CC390069151A /* Debug */,
				67B918192386CC390069151A /* Release */,
			);
			defaultConfigurationIsVisible = 0;
			defaultConfigurationName = Release;
		};
		67B9181A2386CC390069151A /* Build configuration list for PBXNativeTarget "NegroniChallengeV3Tests" */ = {
			isa = XCConfigurationList;
			buildConfigurations = (
				67B9181B2386CC390069151A /* Debug */,
				67B9181C2386CC390069151A /* Release */,
			);
			defaultConfigurationIsVisible = 0;
			defaultConfigurationName = Release;
		};
		67B9181D2386CC390069151A /* Build configuration list for PBXNativeTarget "NegroniChallengeV3UITests" */ = {
			isa = XCConfigurationList;
			buildConfigurations = (
				67B9181E2386CC390069151A /* Debug */,
				67B9181F2386CC390069151A /* Release */,
			);
			defaultConfigurationIsVisible = 0;
			defaultConfigurationName = Release;
		};
/* End XCConfigurationList section */

/* Begin XCVersionGroup section */
		67B917F62386CC380069151A /* NegroniChallengeV3.xcdatamodeld */ = {
			isa = XCVersionGroup;
			children = (
				67B917F72386CC380069151A /* NegroniChallengeV3.xcdatamodel */,
			);
			currentVersion = 67B917F72386CC380069151A /* NegroniChallengeV3.xcdatamodel */;
			path = NegroniChallengeV3.xcdatamodeld;
			sourceTree = "<group>";
			versionGroupType = wrapper.xcdatamodel;
		};
/* End XCVersionGroup section */
	};
	rootObject = 67B917E22386CC370069151A /* Project object */;
}
